// !$*UTF8*$!
{
	archiveVersion = 1;
	classes = {
	};
	objectVersion = 46;
	objects = {

/* Begin PBXBuildFile section */
		0858540A9B11983E79D8C8EA /* CreEPS.cpp in Sources */ = {isa = PBXBuildFile; fileRef = DAE2B1637A04DF42998EB1C6 /* CreEPS.cpp */; };
		0E459598E225E56585AC1CD9 /* ofxPanel.cpp in Sources */ = {isa = PBXBuildFile; fileRef = 48DCDAD346F8188ABA98C64A /* ofxPanel.cpp */; };
		233A0F02E9F68EDE691EA664 /* ofxAssimpTexture.cpp in Sources */ = {isa = PBXBuildFile; fileRef = A232DC49511DE52D0EC6AAE3 /* ofxAssimpTexture.cpp */; };
		3A47706C1DF9A0D4045568C0 /* ofxGuiGroup.cpp in Sources */ = {isa = PBXBuildFile; fileRef = D015FA91E7717ECC9591593E /* ofxGuiGroup.cpp */; };
		413A3F52C6AC90B4F28A6A1C /* ofxToggle.cpp in Sources */ = {isa = PBXBuildFile; fileRef = 448869D12B9D05298EF975CB /* ofxToggle.cpp */; };
		71A4F6BBEA51DEF95C3F5A32 /* ofxAssimpModelLoader.cpp in Sources */ = {isa = PBXBuildFile; fileRef = 9E8C3FB74CE065668FFE36A8 /* ofxAssimpModelLoader.cpp */; };
		817603EE655EE3365B256E5A /* ofxInputField.cpp in Sources */ = {isa = PBXBuildFile; fileRef = 2271EF8762ACE471CF677BE2 /* ofxInputField.cpp */; };
		92A50AF72101624C3A8E6446 /* ofxButton.cpp in Sources */ = {isa = PBXBuildFile; fileRef = C846292EE0D139BE5E0C7E7F /* ofxButton.cpp */; };
		9F74DFA8C0F57500C92936C8 /* ofxSlider.cpp in Sources */ = {isa = PBXBuildFile; fileRef = CFCAA4D953378BD89C6667D4 /* ofxSlider.cpp */; };
		A3C6983F8768ECD6DBA89E0F /* ofxSliderGroup.cpp in Sources */ = {isa = PBXBuildFile; fileRef = 70AAD97154A7F3A7E07DD2E8 /* ofxSliderGroup.cpp */; };
		A8B8283198E49CA16FCF7123 /* ofxAssimpAnimation.cpp in Sources */ = {isa = PBXBuildFile; fileRef = A3962704A10206FCA4A60A61 /* ofxAssimpAnimation.cpp */; };
		B38AE0704C26620B0B1F72E4 /* ofxLabel.cpp in Sources */ = {isa = PBXBuildFile; fileRef = 0939545FB9EE4C7784F4342A /* ofxLabel.cpp */; };
		B9B2330F6F0272D1823E57B2 /* ofxVectorGraphics.cpp in Sources */ = {isa = PBXBuildFile; fileRef = 920DF576857FFD0E95919077 /* ofxVectorGraphics.cpp */; };
		C1FF5810208D115E00B35B4A /* Pillar.cpp in Sources */ = {isa = PBXBuildFile; fileRef = C1FF580D208D115E00B35B4A /* Pillar.cpp */; };
		C1FF5811208D115E00B35B4A /* Bird.cpp in Sources */ = {isa = PBXBuildFile; fileRef = C1FF580F208D115E00B35B4A /* Bird.cpp */; };
		C46DA3F4F6B7C7522D9AF980 /* ofxAssimpMeshHelper.cpp in Sources */ = {isa = PBXBuildFile; fileRef = 061D82779EE254DB67CC3EEF /* ofxAssimpMeshHelper.cpp */; };
		D772C476F63497951AD45BA8 /* ofxColorPicker.cpp in Sources */ = {isa = PBXBuildFile; fileRef = 12C021EFA353CBBCD3A43E76 /* ofxColorPicker.cpp */; };
		E4328149138ABC9F0047C5CB /* openFrameworksDebug.a in Frameworks */ = {isa = PBXBuildFile; fileRef = E4328148138ABC890047C5CB /* openFrameworksDebug.a */; };
		E4B69E200A3A1BDC003C02F2 /* main.cpp in Sources */ = {isa = PBXBuildFile; fileRef = E4B69E1D0A3A1BDC003C02F2 /* main.cpp */; };
		E4B69E210A3A1BDC003C02F2 /* ofApp.cpp in Sources */ = {isa = PBXBuildFile; fileRef = E4B69E1E0A3A1BDC003C02F2 /* ofApp.cpp */; };
		FA0D4902FAA63D187EA61B31 /* ofxBaseGui.cpp in Sources */ = {isa = PBXBuildFile; fileRef = F7E061E873AC1C86679E4655 /* ofxBaseGui.cpp */; };
/* End PBXBuildFile section */

/* Begin PBXContainerItemProxy section */
		E4328147138ABC890047C5CB /* PBXContainerItemProxy */ = {
			isa = PBXContainerItemProxy;
			containerPortal = E4328143138ABC890047C5CB /* openFrameworksLib.xcodeproj */;
			proxyType = 2;
			remoteGlobalIDString = E4B27C1510CBEB8E00536013;
			remoteInfo = openFrameworks;
		};
		E4EEB9AB138B136A00A80321 /* PBXContainerItemProxy */ = {
			isa = PBXContainerItemProxy;
			containerPortal = E4328143138ABC890047C5CB /* openFrameworksLib.xcodeproj */;
			proxyType = 1;
			remoteGlobalIDString = E4B27C1410CBEB8E00536013;
			remoteInfo = openFrameworks;
		};
/* End PBXContainerItemProxy section */

/* Begin PBXCopyFilesBuildPhase section */
		E4C2427710CC5ABF004149E2 /* CopyFiles */ = {
			isa = PBXCopyFilesBuildPhase;
			buildActionMask = 2147483647;
			dstPath = "";
			dstSubfolderSpec = 10;
			files = (
			);
			runOnlyForDeploymentPostprocessing = 0;
		};
/* End PBXCopyFilesBuildPhase section */

/* Begin PBXFileReference section */
		019ECB46331A3CEA983C6A04 /* material.h */ = {isa = PBXFileReference; explicitFileType = sourcecode.c.h; fileEncoding = 30; name = material.h; path = ../../addons/ofxAssimpModelLoader/libs/assimp/include/assimp/material.h; sourceTree = SOURCE_ROOT; };
		05729C9667B2F6870DB3E49A /* CreEPS_Types.hpp */ = {isa = PBXFileReference; explicitFileType = sourcecode.c.h; fileEncoding = 30; name = CreEPS_Types.hpp; path = ../../addons/ofxVectorGraphics/libs/CreEPS_Types.hpp; sourceTree = SOURCE_ROOT; };
		061D82779EE254DB67CC3EEF /* ofxAssimpMeshHelper.cpp */ = {isa = PBXFileReference; explicitFileType = sourcecode.cpp.cpp; fileEncoding = 30; name = ofxAssimpMeshHelper.cpp; path = ../../addons/ofxAssimpModelLoader/src/ofxAssimpMeshHelper.cpp; sourceTree = SOURCE_ROOT; };
		0939545FB9EE4C7784F4342A /* ofxLabel.cpp */ = {isa = PBXFileReference; explicitFileType = sourcecode.cpp.cpp; fileEncoding = 30; name = ofxLabel.cpp; path = ../../addons/ofxGui/src/ofxLabel.cpp; sourceTree = SOURCE_ROOT; };
		09B967DE9D9BDF163827DAF3 /* ofxBaseGui.h */ = {isa = PBXFileReference; explicitFileType = sourcecode.c.h; fileEncoding = 30; name = ofxBaseGui.h; path = ../../addons/ofxGui/src/ofxBaseGui.h; sourceTree = SOURCE_ROOT; };
		0E36A9D04F505F881E0B2125 /* types.h */ = {isa = PBXFileReference; explicitFileType = sourcecode.c.h; fileEncoding = 30; name = types.h; path = ../../addons/ofxAssimpModelLoader/libs/assimp/include/assimp/types.h; sourceTree = SOURCE_ROOT; };
		0E74906A7CCD6F75F1602E9C /* config.h */ = {isa = PBXFileReference; explicitFileType = sourcecode.c.h; fileEncoding = 30; name = config.h; path = ../../addons/ofxAssimpModelLoader/libs/assimp/include/assimp/config.h; sourceTree = SOURCE_ROOT; };
		12349132C1E5383DE334BF5B /* IOSystem.hpp */ = {isa = PBXFileReference; explicitFileType = sourcecode.c.h; fileEncoding = 30; name = IOSystem.hpp; path = ../../addons/ofxAssimpModelLoader/libs/assimp/include/assimp/IOSystem.hpp; sourceTree = SOURCE_ROOT; };
		12C021EFA353CBBCD3A43E76 /* ofxColorPicker.cpp */ = {isa = PBXFileReference; explicitFileType = sourcecode.cpp.cpp; fileEncoding = 30; name = ofxColorPicker.cpp; path = ../../addons/ofxGui/src/ofxColorPicker.cpp; sourceTree = SOURCE_ROOT; };
		18FC62A98509C455653A6D55 /* pstdint.h */ = {isa = PBXFileReference; explicitFileType = sourcecode.c.h; fileEncoding = 30; name = pstdint.h; path = ../../addons/ofxAssimpModelLoader/libs/assimp/include/assimp/Compiler/pstdint.h; sourceTree = SOURCE_ROOT; };
		1D371CA02486446B10F0D459 /* cexport.h */ = {isa = PBXFileReference; explicitFileType = sourcecode.c.h; fileEncoding = 30; name = cexport.h; path = ../../addons/ofxAssimpModelLoader/libs/assimp/include/assimp/cexport.h; sourceTree = SOURCE_ROOT; };
		20CCBB1069FEFDC58297CAF6 /* AndroidJNIIOSystem.h */ = {isa = PBXFileReference; explicitFileType = sourcecode.c.h; fileEncoding = 30; name = AndroidJNIIOSystem.h; path = ../../addons/ofxAssimpModelLoader/libs/assimp/include/assimp/port/AndroidJNI/AndroidJNIIOSystem.h; sourceTree = SOURCE_ROOT; };
		2271EF8762ACE471CF677BE2 /* ofxInputField.cpp */ = {isa = PBXFileReference; explicitFileType = sourcecode.cpp.cpp; fileEncoding = 30; name = ofxInputField.cpp; path = ../../addons/ofxGui/src/ofxInputField.cpp; sourceTree = SOURCE_ROOT; };
		322814B1CFFE74525804C9BD /* DefaultIOStream.h */ = {isa = PBXFileReference; explicitFileType = sourcecode.c.h; fileEncoding = 30; name = DefaultIOStream.h; path = ../../addons/ofxAssimpModelLoader/libs/assimp/include/assimp/DefaultIOStream.h; sourceTree = SOURCE_ROOT; };
		36EB9135C033C0B600975AD6 /* ofxAssimpModelLoader.h */ = {isa = PBXFileReference; explicitFileType = sourcecode.c.h; fileEncoding = 30; name = ofxAssimpModelLoader.h; path = ../../addons/ofxAssimpModelLoader/src/ofxAssimpModelLoader.h; sourceTree = SOURCE_ROOT; };
		42C9C53CA63CC693A1B200FF /* ofxSlider.h */ = {isa = PBXFileReference; explicitFileType = sourcecode.c.h; fileEncoding = 30; name = ofxSlider.h; path = ../../addons/ofxGui/src/ofxSlider.h; sourceTree = SOURCE_ROOT; };
		448869D12B9D05298EF975CB /* ofxToggle.cpp */ = {isa = PBXFileReference; explicitFileType = sourcecode.cpp.cpp; fileEncoding = 30; name = ofxToggle.cpp; path = ../../addons/ofxGui/src/ofxToggle.cpp; sourceTree = SOURCE_ROOT; };
		4577B15B4EA8356A26832F9B /* ofxSliderGroup.h */ = {isa = PBXFileReference; explicitFileType = sourcecode.c.h; fileEncoding = 30; name = ofxSliderGroup.h; path = ../../addons/ofxGui/src/ofxSliderGroup.h; sourceTree = SOURCE_ROOT; };
		4581B326630EC957ED91E25E /* ofxToggle.h */ = {isa = PBXFileReference; explicitFileType = sourcecode.c.h; fileEncoding = 30; name = ofxToggle.h; path = ../../addons/ofxGui/src/ofxToggle.h; sourceTree = SOURCE_ROOT; };
		48DCDAD346F8188ABA98C64A /* ofxPanel.cpp */ = {isa = PBXFileReference; explicitFileType = sourcecode.cpp.cpp; fileEncoding = 30; name = ofxPanel.cpp; path = ../../addons/ofxGui/src/ofxPanel.cpp; sourceTree = SOURCE_ROOT; };
		4A683D3AC5ABB7C0A89E2756 /* matrix3x3.h */ = {isa = PBXFileReference; explicitFileType = sourcecode.c.h; fileEncoding = 30; name = matrix3x3.h; path = ../../addons/ofxAssimpModelLoader/libs/assimp/include/assimp/matrix3x3.h; sourceTree = SOURCE_ROOT; };
		4E3BAD8330F2B99983500DBA /* camera.h */ = {isa = PBXFileReference; explicitFileType = sourcecode.c.h; fileEncoding = 30; name = camera.h; path = ../../addons/ofxAssimpModelLoader/libs/assimp/include/assimp/camera.h; sourceTree = SOURCE_ROOT; };
		5145C40ED9786E45CB03892C /* texture.h */ = {isa = PBXFileReference; explicitFileType = sourcecode.c.h; fileEncoding = 30; name = texture.h; path = ../../addons/ofxAssimpModelLoader/libs/assimp/include/assimp/texture.h; sourceTree = SOURCE_ROOT; };
		567DD3A7E605E72DD7BB731A /* quaternion.h */ = {isa = PBXFileReference; explicitFileType = sourcecode.c.h; fileEncoding = 30; name = quaternion.h; path = ../../addons/ofxAssimpModelLoader/libs/assimp/include/assimp/quaternion.h; sourceTree = SOURCE_ROOT; };
		5775230A60D23E29630F35FF /* matrix4x4.h */ = {isa = PBXFileReference; explicitFileType = sourcecode.c.h; fileEncoding = 30; name = matrix4x4.h; path = ../../addons/ofxAssimpModelLoader/libs/assimp/include/assimp/matrix4x4.h; sourceTree = SOURCE_ROOT; };
		5B8BF5C5346E076713B63C3F /* version.h */ = {isa = PBXFileReference; explicitFileType = sourcecode.c.h; fileEncoding = 30; name = version.h; path = ../../addons/ofxAssimpModelLoader/libs/assimp/include/assimp/version.h; sourceTree = SOURCE_ROOT; };
		5FA883D3B0A93BFE47D37912 /* ProgressHandler.hpp */ = {isa = PBXFileReference; explicitFileType = sourcecode.c.h; fileEncoding = 30; name = ProgressHandler.hpp; path = ../../addons/ofxAssimpModelLoader/libs/assimp/include/assimp/ProgressHandler.hpp; sourceTree = SOURCE_ROOT; };
		5FB66CE091A2394A55FBBD68 /* light.h */ = {isa = PBXFileReference; explicitFileType = sourcecode.c.h; fileEncoding = 30; name = light.h; path = ../../addons/ofxAssimpModelLoader/libs/assimp/include/assimp/light.h; sourceTree = SOURCE_ROOT; };
		61B639FBFD16C03343E4554A /* Defines.h */ = {isa = PBXFileReference; explicitFileType = sourcecode.c.h; fileEncoding = 30; name = Defines.h; path = ../../addons/ofxAssimpModelLoader/libs/assimp/include/assimp/Defines.h; sourceTree = SOURCE_ROOT; };
		6F51180DF61F7A167A205F7F /* ofxAssimpTexture.h */ = {isa = PBXFileReference; explicitFileType = sourcecode.c.h; fileEncoding = 30; name = ofxAssimpTexture.h; path = ../../addons/ofxAssimpModelLoader/src/ofxAssimpTexture.h; sourceTree = SOURCE_ROOT; };
		70AAD97154A7F3A7E07DD2E8 /* ofxSliderGroup.cpp */ = {isa = PBXFileReference; explicitFileType = sourcecode.cpp.cpp; fileEncoding = 30; name = ofxSliderGroup.cpp; path = ../../addons/ofxGui/src/ofxSliderGroup.cpp; sourceTree = SOURCE_ROOT; };
		72997B4ED27CC0FE79BC6DA2 /* vector3.h */ = {isa = PBXFileReference; explicitFileType = sourcecode.c.h; fileEncoding = 30; name = vector3.h; path = ../../addons/ofxAssimpModelLoader/libs/assimp/include/assimp/vector3.h; sourceTree = SOURCE_ROOT; };
		761187B79650BEF7EB3BE077 /* cfileio.h */ = {isa = PBXFileReference; explicitFileType = sourcecode.c.h; fileEncoding = 30; name = cfileio.h; path = ../../addons/ofxAssimpModelLoader/libs/assimp/include/assimp/cfileio.h; sourceTree = SOURCE_ROOT; };
		7B08E4E649CE19418198659E /* ofxButton.h */ = {isa = PBXFileReference; explicitFileType = sourcecode.c.h; fileEncoding = 30; name = ofxButton.h; path = ../../addons/ofxGui/src/ofxButton.h; sourceTree = SOURCE_ROOT; };
		7B1ED09E8678AF43B9848BC4 /* Exporter.hpp */ = {isa = PBXFileReference; explicitFileType = sourcecode.c.h; fileEncoding = 30; name = Exporter.hpp; path = ../../addons/ofxAssimpModelLoader/libs/assimp/include/assimp/Exporter.hpp; sourceTree = SOURCE_ROOT; };
		7CBA84EC033A6A497D5C8CAB /* pushpack1.h */ = {isa = PBXFileReference; explicitFileType = sourcecode.c.h; fileEncoding = 30; name = pushpack1.h; path = ../../addons/ofxAssimpModelLoader/libs/assimp/include/assimp/Compiler/pushpack1.h; sourceTree = SOURCE_ROOT; };
		7FEE44A383F2C626487BF0D6 /* color4.h */ = {isa = PBXFileReference; explicitFileType = sourcecode.c.h; fileEncoding = 30; name = color4.h; path = ../../addons/ofxAssimpModelLoader/libs/assimp/include/assimp/color4.h; sourceTree = SOURCE_ROOT; };
		80BC1EC114ACF0E97797A741 /* metadata.h */ = {isa = PBXFileReference; explicitFileType = sourcecode.c.h; fileEncoding = 30; name = metadata.h; path = ../../addons/ofxAssimpModelLoader/libs/assimp/include/assimp/metadata.h; sourceTree = SOURCE_ROOT; };
		817BCFE97701A9F3ACE0F34D /* mesh.h */ = {isa = PBXFileReference; explicitFileType = sourcecode.c.h; fileEncoding = 30; name = mesh.h; path = ../../addons/ofxAssimpModelLoader/libs/assimp/include/assimp/mesh.h; sourceTree = SOURCE_ROOT; };
		846440EB6A7762A75DC0D661 /* ofxGuiGroup.h */ = {isa = PBXFileReference; explicitFileType = sourcecode.c.h; fileEncoding = 30; name = ofxGuiGroup.h; path = ../../addons/ofxGui/src/ofxGuiGroup.h; sourceTree = SOURCE_ROOT; };
		87B806F0D6D781113D42BF9E /* ofxColorPicker.h */ = {isa = PBXFileReference; explicitFileType = sourcecode.c.h; fileEncoding = 30; name = ofxColorPicker.h; path = ../../addons/ofxGui/src/ofxColorPicker.h; sourceTree = SOURCE_ROOT; };
		89914316FC84CE78CB901931 /* anim.h */ = {isa = PBXFileReference; explicitFileType = sourcecode.c.h; fileEncoding = 30; name = anim.h; path = ../../addons/ofxAssimpModelLoader/libs/assimp/include/assimp/anim.h; sourceTree = SOURCE_ROOT; };
		8DBE301D588E54A6289064C4 /* ofxAssimpAnimation.h */ = {isa = PBXFileReference; explicitFileType = sourcecode.c.h; fileEncoding = 30; name = ofxAssimpAnimation.h; path = ../../addons/ofxAssimpModelLoader/src/ofxAssimpAnimation.h; sourceTree = SOURCE_ROOT; };
		8FD1797ECDDC571B75C21646 /* ofxLabel.h */ = {isa = PBXFileReference; explicitFileType = sourcecode.c.h; fileEncoding = 30; name = ofxLabel.h; path = ../../addons/ofxGui/src/ofxLabel.h; sourceTree = SOURCE_ROOT; };
		920DF576857FFD0E95919077 /* ofxVectorGraphics.cpp */ = {isa = PBXFileReference; explicitFileType = sourcecode.cpp.cpp; fileEncoding = 30; name = ofxVectorGraphics.cpp; path = ../../addons/ofxVectorGraphics/src/ofxVectorGraphics.cpp; sourceTree = SOURCE_ROOT; };
		95D5FA1F652F28E085D448F8 /* scene.h */ = {isa = PBXFileReference; explicitFileType = sourcecode.c.h; fileEncoding = 30; name = scene.h; path = ../../addons/ofxAssimpModelLoader/libs/assimp/include/assimp/scene.h; sourceTree = SOURCE_ROOT; };
		9705E8E1125EA039A09600AA /* ofxVectorGraphics.h */ = {isa = PBXFileReference; explicitFileType = sourcecode.c.h; fileEncoding = 30; name = ofxVectorGraphics.h; path = ../../addons/ofxVectorGraphics/src/ofxVectorGraphics.h; sourceTree = SOURCE_ROOT; };
		9B0C8A1EB8F951BC1F772481 /* SceneCombiner.h */ = {isa = PBXFileReference; explicitFileType = sourcecode.c.h; fileEncoding = 30; name = SceneCombiner.h; path = ../../addons/ofxAssimpModelLoader/libs/assimp/include/assimp/SceneCombiner.h; sourceTree = SOURCE_ROOT; };
		9E8C3FB74CE065668FFE36A8 /* ofxAssimpModelLoader.cpp */ = {isa = PBXFileReference; explicitFileType = sourcecode.cpp.cpp; fileEncoding = 30; name = ofxAssimpModelLoader.cpp; path = ../../addons/ofxAssimpModelLoader/src/ofxAssimpModelLoader.cpp; sourceTree = SOURCE_ROOT; };
		A232DC49511DE52D0EC6AAE3 /* ofxAssimpTexture.cpp */ = {isa = PBXFileReference; explicitFileType = sourcecode.cpp.cpp; fileEncoding = 30; name = ofxAssimpTexture.cpp; path = ../../addons/ofxAssimpModelLoader/src/ofxAssimpTexture.cpp; sourceTree = SOURCE_ROOT; };
		A3962704A10206FCA4A60A61 /* ofxAssimpAnimation.cpp */ = {isa = PBXFileReference; explicitFileType = sourcecode.cpp.cpp; fileEncoding = 30; name = ofxAssimpAnimation.cpp; path = ../../addons/ofxAssimpModelLoader/src/ofxAssimpAnimation.cpp; sourceTree = SOURCE_ROOT; };
		A4E16B7E3CCB45B9EA4AD4A5 /* ofxGui.h */ = {isa = PBXFileReference; explicitFileType = sourcecode.c.h; fileEncoding = 30; name = ofxGui.h; path = ../../addons/ofxGui/src/ofxGui.h; sourceTree = SOURCE_ROOT; };
		ABFFBA79CC28E7A1A34B4F38 /* DefaultLogger.hpp */ = {isa = PBXFileReference; explicitFileType = sourcecode.c.h; fileEncoding = 30; name = DefaultLogger.hpp; path = ../../addons/ofxAssimpModelLoader/libs/assimp/include/assimp/DefaultLogger.hpp; sourceTree = SOURCE_ROOT; };
		B9C7FF1F92410A20DA9CE579 /* NullLogger.hpp */ = {isa = PBXFileReference; explicitFileType = sourcecode.c.h; fileEncoding = 30; name = NullLogger.hpp; path = ../../addons/ofxAssimpModelLoader/libs/assimp/include/assimp/NullLogger.hpp; sourceTree = SOURCE_ROOT; };
		BA0899DB249E92717949066E /* CreEPS.hpp */ = {isa = PBXFileReference; explicitFileType = sourcecode.c.h; fileEncoding = 30; name = CreEPS.hpp; path = ../../addons/ofxVectorGraphics/libs/CreEPS.hpp; sourceTree = SOURCE_ROOT; };
		C0F4C78BD1C16550A3ABE5C4 /* ai_assert.h */ = {isa = PBXFileReference; explicitFileType = sourcecode.c.h; fileEncoding = 30; name = ai_assert.h; path = ../../addons/ofxAssimpModelLoader/libs/assimp/include/assimp/ai_assert.h; sourceTree = SOURCE_ROOT; };
		C1FF580C208D115E00B35B4A /* Bird.h */ = {isa = PBXFileReference; fileEncoding = 4; lastKnownFileType = sourcecode.c.h; path = Bird.h; sourceTree = "<group>"; };
		C1FF580D208D115E00B35B4A /* Pillar.cpp */ = {isa = PBXFileReference; fileEncoding = 4; lastKnownFileType = sourcecode.cpp.cpp; path = Pillar.cpp; sourceTree = "<group>"; };
		C1FF580E208D115E00B35B4A /* Pillar.h */ = {isa = PBXFileReference; fileEncoding = 4; lastKnownFileType = sourcecode.c.h; path = Pillar.h; sourceTree = "<group>"; };
		C1FF580F208D115E00B35B4A /* Bird.cpp */ = {isa = PBXFileReference; fileEncoding = 4; lastKnownFileType = sourcecode.cpp.cpp; path = Bird.cpp; sourceTree = "<group>"; };
		C28D5CE3BF8E97AF541C73D0 /* DefaultIOSystem.h */ = {isa = PBXFileReference; explicitFileType = sourcecode.c.h; fileEncoding = 30; name = DefaultIOSystem.h; path = ../../addons/ofxAssimpModelLoader/libs/assimp/include/assimp/DefaultIOSystem.h; sourceTree = SOURCE_ROOT; };
		C7EAF0CABE4A9942760C2B49 /* ofxAssimpUtils.h */ = {isa = PBXFileReference; explicitFileType = sourcecode.c.h; fileEncoding = 30; name = ofxAssimpUtils.h; path = ../../addons/ofxAssimpModelLoader/src/ofxAssimpUtils.h; sourceTree = SOURCE_ROOT; };
		C846292EE0D139BE5E0C7E7F /* ofxButton.cpp */ = {isa = PBXFileReference; explicitFileType = sourcecode.cpp.cpp; fileEncoding = 30; name = ofxButton.cpp; path = ../../addons/ofxGui/src/ofxButton.cpp; sourceTree = SOURCE_ROOT; };
		CA6162323A0260287310C9EB /* postprocess.h */ = {isa = PBXFileReference; explicitFileType = sourcecode.c.h; fileEncoding = 30; name = postprocess.h; path = ../../addons/ofxAssimpModelLoader/libs/assimp/include/assimp/postprocess.h; sourceTree = SOURCE_ROOT; };
		CF6CA69CDA4F0401FEE918D8 /* ofxPanel.h */ = {isa = PBXFileReference; explicitFileType = sourcecode.c.h; fileEncoding = 30; name = ofxPanel.h; path = ../../addons/ofxGui/src/ofxPanel.h; sourceTree = SOURCE_ROOT; };
		CFCAA4D953378BD89C6667D4 /* ofxSlider.cpp */ = {isa = PBXFileReference; explicitFileType = sourcecode.cpp.cpp; fileEncoding = 30; name = ofxSlider.cpp; path = ../../addons/ofxGui/src/ofxSlider.cpp; sourceTree = SOURCE_ROOT; };
		D015FA91E7717ECC9591593E /* ofxGuiGroup.cpp */ = {isa = PBXFileReference; explicitFileType = sourcecode.cpp.cpp; fileEncoding = 30; name = ofxGuiGroup.cpp; path = ../../addons/ofxGui/src/ofxGuiGroup.cpp; sourceTree = SOURCE_ROOT; };
		D03FA84ABF6509F700D01C1E /* ofxAssimpMeshHelper.h */ = {isa = PBXFileReference; explicitFileType = sourcecode.c.h; fileEncoding = 30; name = ofxAssimpMeshHelper.h; path = ../../addons/ofxAssimpModelLoader/src/ofxAssimpMeshHelper.h; sourceTree = SOURCE_ROOT; };
		D4464072C028D441EDF53B03 /* poppack1.h */ = {isa = PBXFileReference; explicitFileType = sourcecode.c.h; fileEncoding = 30; name = poppack1.h; path = ../../addons/ofxAssimpModelLoader/libs/assimp/include/assimp/Compiler/poppack1.h; sourceTree = SOURCE_ROOT; };
		D9EDF8E36D463CA5321AC888 /* IOStream.hpp */ = {isa = PBXFileReference; explicitFileType = sourcecode.c.h; fileEncoding = 30; name = IOStream.hpp; path = ../../addons/ofxAssimpModelLoader/libs/assimp/include/assimp/IOStream.hpp; sourceTree = SOURCE_ROOT; };
		DAE2B1637A04DF42998EB1C6 /* CreEPS.cpp */ = {isa = PBXFileReference; explicitFileType = sourcecode.cpp.cpp; fileEncoding = 30; name = CreEPS.cpp; path = ../../addons/ofxVectorGraphics/libs/CreEPS.cpp; sourceTree = SOURCE_ROOT; };
		DB71BEB7BE9F0E2C1807C252 /* vector2.h */ = {isa = PBXFileReference; explicitFileType = sourcecode.c.h; fileEncoding = 30; name = vector2.h; path = ../../addons/ofxAssimpModelLoader/libs/assimp/include/assimp/vector2.h; sourceTree = SOURCE_ROOT; };
		DD97E0D0C6892D7EE96FF073 /* LogStream.hpp */ = {isa = PBXFileReference; explicitFileType = sourcecode.c.h; fileEncoding = 30; name = LogStream.hpp; path = ../../addons/ofxAssimpModelLoader/libs/assimp/include/assimp/LogStream.hpp; sourceTree = SOURCE_ROOT; };
		E052918C0EC4FBCE8257AA14 /* Importer.hpp */ = {isa = PBXFileReference; explicitFileType = sourcecode.c.h; fileEncoding = 30; name = Importer.hpp; path = ../../addons/ofxAssimpModelLoader/libs/assimp/include/assimp/Importer.hpp; sourceTree = SOURCE_ROOT; };
		E4328143138ABC890047C5CB /* openFrameworksLib.xcodeproj */ = {isa = PBXFileReference; lastKnownFileType = "wrapper.pb-project"; name = openFrameworksLib.xcodeproj; path = ../../libs/openFrameworksCompiled/project/osx/openFrameworksLib.xcodeproj; sourceTree = SOURCE_ROOT; };
		E4B69B5B0A3A1756003C02F2 /* flappy-birdDebug.app */ = {isa = PBXFileReference; explicitFileType = wrapper.application; includeInIndex = 0; path = "flappy-birdDebug.app"; sourceTree = BUILT_PRODUCTS_DIR; };
		E4B69E1D0A3A1BDC003C02F2 /* main.cpp */ = {isa = PBXFileReference; fileEncoding = 4; lastKnownFileType = sourcecode.cpp.cpp; name = main.cpp; path = src/main.cpp; sourceTree = SOURCE_ROOT; };
		E4B69E1E0A3A1BDC003C02F2 /* ofApp.cpp */ = {isa = PBXFileReference; explicitFileType = sourcecode.cpp.cpp; fileEncoding = 4; name = ofApp.cpp; path = src/ofApp.cpp; sourceTree = SOURCE_ROOT; };
		E4B69E1F0A3A1BDC003C02F2 /* ofApp.h */ = {isa = PBXFileReference; fileEncoding = 4; lastKnownFileType = sourcecode.c.h; name = ofApp.h; path = src/ofApp.h; sourceTree = SOURCE_ROOT; };
		E4B6FCAD0C3E899E008CF71C /* openFrameworks-Info.plist */ = {isa = PBXFileReference; fileEncoding = 4; lastKnownFileType = text.plist.xml; path = "openFrameworks-Info.plist"; sourceTree = "<group>"; };
		E4EB691F138AFCF100A09F29 /* CoreOF.xcconfig */ = {isa = PBXFileReference; fileEncoding = 4; lastKnownFileType = text.xcconfig; name = CoreOF.xcconfig; path = ../../libs/openFrameworksCompiled/project/osx/CoreOF.xcconfig; sourceTree = SOURCE_ROOT; };
		E4EB6923138AFD0F00A09F29 /* Project.xcconfig */ = {isa = PBXFileReference; fileEncoding = 4; lastKnownFileType = text.xcconfig; path = Project.xcconfig; sourceTree = "<group>"; };
		EC3AD9545B31A870BF84CE63 /* Logger.hpp */ = {isa = PBXFileReference; explicitFileType = sourcecode.c.h; fileEncoding = 30; name = Logger.hpp; path = ../../addons/ofxAssimpModelLoader/libs/assimp/include/assimp/Logger.hpp; sourceTree = SOURCE_ROOT; };
		F47D12B904B4E2007440EB60 /* ofxInputField.h */ = {isa = PBXFileReference; explicitFileType = sourcecode.c.h; fileEncoding = 30; name = ofxInputField.h; path = ../../addons/ofxGui/src/ofxInputField.h; sourceTree = SOURCE_ROOT; };
		F4BD06A976C341C1B8F0E0BB /* defs.h */ = {isa = PBXFileReference; explicitFileType = sourcecode.c.h; fileEncoding = 30; name = defs.h; path = ../../addons/ofxAssimpModelLoader/libs/assimp/include/assimp/defs.h; sourceTree = SOURCE_ROOT; };
		F7E061E873AC1C86679E4655 /* ofxBaseGui.cpp */ = {isa = PBXFileReference; explicitFileType = sourcecode.cpp.cpp; fileEncoding = 30; name = ofxBaseGui.cpp; path = ../../addons/ofxGui/src/ofxBaseGui.cpp; sourceTree = SOURCE_ROOT; };
		F82418C7F3B08EF672D6F853 /* cimport.h */ = {isa = PBXFileReference; explicitFileType = sourcecode.c.h; fileEncoding = 30; name = cimport.h; path = ../../addons/ofxAssimpModelLoader/libs/assimp/include/assimp/cimport.h; sourceTree = SOURCE_ROOT; };
		FE1F55C3405276873C3D9EDF /* importerdesc.h */ = {isa = PBXFileReference; explicitFileType = sourcecode.c.h; fileEncoding = 30; name = importerdesc.h; path = ../../addons/ofxAssimpModelLoader/libs/assimp/include/assimp/importerdesc.h; sourceTree = SOURCE_ROOT; };
/* End PBXFileReference section */

/* Begin PBXFrameworksBuildPhase section */
		E4B69B590A3A1756003C02F2 /* Frameworks */ = {
			isa = PBXFrameworksBuildPhase;
			buildActionMask = 2147483647;
			files = (
				E4328149138ABC9F0047C5CB /* openFrameworksDebug.a in Frameworks */,
			);
			runOnlyForDeploymentPostprocessing = 0;
		};
/* End PBXFrameworksBuildPhase section */

/* Begin PBXGroup section */
		0F437E4761003E66B16524BE /* libs */ = {
			isa = PBXGroup;
			children = (
				DAE2B1637A04DF42998EB1C6 /* CreEPS.cpp */,
				BA0899DB249E92717949066E /* CreEPS.hpp */,
				05729C9667B2F6870DB3E49A /* CreEPS_Types.hpp */,
			);
			name = libs;
			sourceTree = "<group>";
		};
		2C8F245ACBE61E28646C17F2 /* ofxAssimpModelLoader */ = {
			isa = PBXGroup;
			children = (
				9D99F547CA5C0ECCB9EB9806 /* src */,
				C721A9AF1157766AFE54645E /* libs */,
			);
			name = ofxAssimpModelLoader;
			sourceTree = "<group>";
		};
		3801B04C72ADFE74ED284693 /* src */ = {
			isa = PBXGroup;
			children = (
				9705E8E1125EA039A09600AA /* ofxVectorGraphics.h */,
				920DF576857FFD0E95919077 /* ofxVectorGraphics.cpp */,
			);
			name = src;
			sourceTree = "<group>";
		};
		480A780D8D0308AE4A368801 /* ofxGui */ = {
			isa = PBXGroup;
			children = (
				A763ED608B35AE3310251DEE /* src */,
			);
			name = ofxGui;
			sourceTree = "<group>";
		};
		52343BA855243688E36D6D1C /* AndroidJNI */ = {
			isa = PBXGroup;
			children = (
				20CCBB1069FEFDC58297CAF6 /* AndroidJNIIOSystem.h */,
			);
			name = AndroidJNI;
			sourceTree = "<group>";
		};
		59905D957FDE48902CF1F729 /* assimp */ = {
			isa = PBXGroup;
			children = (
				EEFDD7AE0009AE6F77EF2A93 /* include */,
			);
			name = assimp;
			sourceTree = "<group>";
		};
		67AD613537D3ED7FD883659E /* assimp */ = {
			isa = PBXGroup;
			children = (
				12349132C1E5383DE334BF5B /* IOSystem.hpp */,
				EC3AD9545B31A870BF84CE63 /* Logger.hpp */,
				D9EDF8E36D463CA5321AC888 /* IOStream.hpp */,
				F4BD06A976C341C1B8F0E0BB /* defs.h */,
				5B8BF5C5346E076713B63C3F /* version.h */,
				5775230A60D23E29630F35FF /* matrix4x4.h */,
				E052918C0EC4FBCE8257AA14 /* Importer.hpp */,
				761187B79650BEF7EB3BE077 /* cfileio.h */,
				DB71BEB7BE9F0E2C1807C252 /* vector2.h */,
				0E74906A7CCD6F75F1602E9C /* config.h */,
				5FB66CE091A2394A55FBBD68 /* light.h */,
				0E36A9D04F505F881E0B2125 /* types.h */,
				F82418C7F3B08EF672D6F853 /* cimport.h */,
				4E3BAD8330F2B99983500DBA /* camera.h */,
				4A683D3AC5ABB7C0A89E2756 /* matrix3x3.h */,
				322814B1CFFE74525804C9BD /* DefaultIOStream.h */,
				9B0C8A1EB8F951BC1F772481 /* SceneCombiner.h */,
				019ECB46331A3CEA983C6A04 /* material.h */,
				C0F4C78BD1C16550A3ABE5C4 /* ai_assert.h */,
				B9C7FF1F92410A20DA9CE579 /* NullLogger.hpp */,
				567DD3A7E605E72DD7BB731A /* quaternion.h */,
				ABFFBA79CC28E7A1A34B4F38 /* DefaultLogger.hpp */,
				80BC1EC114ACF0E97797A741 /* metadata.h */,
				817BCFE97701A9F3ACE0F34D /* mesh.h */,
				61B639FBFD16C03343E4554A /* Defines.h */,
				7B1ED09E8678AF43B9848BC4 /* Exporter.hpp */,
				5FA883D3B0A93BFE47D37912 /* ProgressHandler.hpp */,
				1D371CA02486446B10F0D459 /* cexport.h */,
				7FEE44A383F2C626487BF0D6 /* color4.h */,
				89914316FC84CE78CB901931 /* anim.h */,
				CA6162323A0260287310C9EB /* postprocess.h */,
				5145C40ED9786E45CB03892C /* texture.h */,
				A0EBF372EA0EB2B2A8BA2616 /* port */,
				FE1F55C3405276873C3D9EDF /* importerdesc.h */,
				B77F1220F7C30BFF6034CC97 /* Compiler */,
				72997B4ED27CC0FE79BC6DA2 /* vector3.h */,
				C28D5CE3BF8E97AF541C73D0 /* DefaultIOSystem.h */,
				95D5FA1F652F28E085D448F8 /* scene.h */,
				DD97E0D0C6892D7EE96FF073 /* LogStream.hpp */,
			);
			name = assimp;
			sourceTree = "<group>";
		};
		6948EE371B920CB800B5AC1A /* local_addons */ = {
			isa = PBXGroup;
			children = (
			);
			name = local_addons;
			sourceTree = "<group>";
		};
		916B8DF9E7519F5BB8A2990B /* ofxVectorGraphics */ = {
			isa = PBXGroup;
			children = (
				3801B04C72ADFE74ED284693 /* src */,
				0F437E4761003E66B16524BE /* libs */,
			);
			name = ofxVectorGraphics;
			sourceTree = "<group>";
		};
		9D99F547CA5C0ECCB9EB9806 /* src */ = {
			isa = PBXGroup;
			children = (
				061D82779EE254DB67CC3EEF /* ofxAssimpMeshHelper.cpp */,
				8DBE301D588E54A6289064C4 /* ofxAssimpAnimation.h */,
				A3962704A10206FCA4A60A61 /* ofxAssimpAnimation.cpp */,
				A232DC49511DE52D0EC6AAE3 /* ofxAssimpTexture.cpp */,
				6F51180DF61F7A167A205F7F /* ofxAssimpTexture.h */,
				9E8C3FB74CE065668FFE36A8 /* ofxAssimpModelLoader.cpp */,
				D03FA84ABF6509F700D01C1E /* ofxAssimpMeshHelper.h */,
				C7EAF0CABE4A9942760C2B49 /* ofxAssimpUtils.h */,
				36EB9135C033C0B600975AD6 /* ofxAssimpModelLoader.h */,
			);
			name = src;
			sourceTree = "<group>";
		};
		A0EBF372EA0EB2B2A8BA2616 /* port */ = {
			isa = PBXGroup;
			children = (
				52343BA855243688E36D6D1C /* AndroidJNI */,
			);
			name = port;
			sourceTree = "<group>";
		};
		A763ED608B35AE3310251DEE /* src */ = {
			isa = PBXGroup;
			children = (
				846440EB6A7762A75DC0D661 /* ofxGuiGroup.h */,
				F7E061E873AC1C86679E4655 /* ofxBaseGui.cpp */,
				12C021EFA353CBBCD3A43E76 /* ofxColorPicker.cpp */,
				70AAD97154A7F3A7E07DD2E8 /* ofxSliderGroup.cpp */,
				448869D12B9D05298EF975CB /* ofxToggle.cpp */,
				C846292EE0D139BE5E0C7E7F /* ofxButton.cpp */,
				D015FA91E7717ECC9591593E /* ofxGuiGroup.cpp */,
				2271EF8762ACE471CF677BE2 /* ofxInputField.cpp */,
				4581B326630EC957ED91E25E /* ofxToggle.h */,
				0939545FB9EE4C7784F4342A /* ofxLabel.cpp */,
				42C9C53CA63CC693A1B200FF /* ofxSlider.h */,
				A4E16B7E3CCB45B9EA4AD4A5 /* ofxGui.h */,
				09B967DE9D9BDF163827DAF3 /* ofxBaseGui.h */,
				7B08E4E649CE19418198659E /* ofxButton.h */,
				8FD1797ECDDC571B75C21646 /* ofxLabel.h */,
				F47D12B904B4E2007440EB60 /* ofxInputField.h */,
				4577B15B4EA8356A26832F9B /* ofxSliderGroup.h */,
				48DCDAD346F8188ABA98C64A /* ofxPanel.cpp */,
				CFCAA4D953378BD89C6667D4 /* ofxSlider.cpp */,
				87B806F0D6D781113D42BF9E /* ofxColorPicker.h */,
				CF6CA69CDA4F0401FEE918D8 /* ofxPanel.h */,
			);
			name = src;
			sourceTree = "<group>";
		};
		B77F1220F7C30BFF6034CC97 /* Compiler */ = {
			isa = PBXGroup;
			children = (
				D4464072C028D441EDF53B03 /* poppack1.h */,
				18FC62A98509C455653A6D55 /* pstdint.h */,
				7CBA84EC033A6A497D5C8CAB /* pushpack1.h */,
			);
			name = Compiler;
			sourceTree = "<group>";
		};
		BB4B014C10F69532006C3DED /* addons */ = {
			isa = PBXGroup;
			children = (
				2C8F245ACBE61E28646C17F2 /* ofxAssimpModelLoader */,
				480A780D8D0308AE4A368801 /* ofxGui */,
				916B8DF9E7519F5BB8A2990B /* ofxVectorGraphics */,
			);
			name = addons;
			sourceTree = "<group>";
		};
		C721A9AF1157766AFE54645E /* libs */ = {
			isa = PBXGroup;
			children = (
				59905D957FDE48902CF1F729 /* assimp */,
			);
			name = libs;
			sourceTree = "<group>";
		};
		E4328144138ABC890047C5CB /* Products */ = {
			isa = PBXGroup;
			children = (
				E4328148138ABC890047C5CB /* openFrameworksDebug.a */,
			);
			name = Products;
			sourceTree = "<group>";
		};
		E4B69B4A0A3A1720003C02F2 = {
			isa = PBXGroup;
			children = (
				E4B6FCAD0C3E899E008CF71C /* openFrameworks-Info.plist */,
				E4EB6923138AFD0F00A09F29 /* Project.xcconfig */,
				E4B69E1C0A3A1BDC003C02F2 /* src */,
				E4EEC9E9138DF44700A80321 /* openFrameworks */,
				BB4B014C10F69532006C3DED /* addons */,
				6948EE371B920CB800B5AC1A /* local_addons */,
				E4B69B5B0A3A1756003C02F2 /* flappy-birdDebug.app */,
			);
			sourceTree = "<group>";
		};
		E4B69E1C0A3A1BDC003C02F2 /* src */ = {
			isa = PBXGroup;
			children = (
				C1FF580F208D115E00B35B4A /* Bird.cpp */,
				C1FF580C208D115E00B35B4A /* Bird.h */,
				C1FF580D208D115E00B35B4A /* Pillar.cpp */,
				C1FF580E208D115E00B35B4A /* Pillar.h */,
				E4B69E1D0A3A1BDC003C02F2 /* main.cpp */,
				E4B69E1E0A3A1BDC003C02F2 /* ofApp.cpp */,
				E4B69E1F0A3A1BDC003C02F2 /* ofApp.h */,
			);
			path = src;
			sourceTree = SOURCE_ROOT;
		};
		E4EEC9E9138DF44700A80321 /* openFrameworks */ = {
			isa = PBXGroup;
			children = (
				E4EB691F138AFCF100A09F29 /* CoreOF.xcconfig */,
				E4328143138ABC890047C5CB /* openFrameworksLib.xcodeproj */,
			);
			name = openFrameworks;
			sourceTree = "<group>";
		};
		EEFDD7AE0009AE6F77EF2A93 /* include */ = {
			isa = PBXGroup;
			children = (
				67AD613537D3ED7FD883659E /* assimp */,
			);
			name = include;
			sourceTree = "<group>";
		};
/* End PBXGroup section */

/* Begin PBXNativeTarget section */
		E4B69B5A0A3A1756003C02F2 /* flappy-bird */ = {
			isa = PBXNativeTarget;
			buildConfigurationList = E4B69B5F0A3A1757003C02F2 /* Build configuration list for PBXNativeTarget "flappy-bird" */;
			buildPhases = (
				E4B69B580A3A1756003C02F2 /* Sources */,
				E4B69B590A3A1756003C02F2 /* Frameworks */,
				E4B6FFFD0C3F9AB9008CF71C /* ShellScript */,
				E4C2427710CC5ABF004149E2 /* CopyFiles */,
				8466F1851C04CA0E00918B1C /* ShellScript */,
			);
			buildRules = (
			);
			dependencies = (
				E4EEB9AC138B136A00A80321 /* PBXTargetDependency */,
			);
			name = "flappy-bird";
			productName = myOFApp;
			productReference = E4B69B5B0A3A1756003C02F2 /* flappy-birdDebug.app */;
			productType = "com.apple.product-type.application";
		};
/* End PBXNativeTarget section */

/* Begin PBXProject section */
		E4B69B4C0A3A1720003C02F2 /* Project object */ = {
			isa = PBXProject;
			attributes = {
				LastUpgradeCheck = 0600;
			};
			buildConfigurationList = E4B69B4D0A3A1720003C02F2 /* Build configuration list for PBXProject "flappy-bird" */;
			compatibilityVersion = "Xcode 3.2";
			developmentRegion = English;
			hasScannedForEncodings = 0;
			knownRegions = (
				English,
				Japanese,
				French,
				German,
			);
			mainGroup = E4B69B4A0A3A1720003C02F2;
			productRefGroup = E4B69B4A0A3A1720003C02F2;
			projectDirPath = "";
			projectReferences = (
				{
					ProductGroup = E4328144138ABC890047C5CB /* Products */;
					ProjectRef = E4328143138ABC890047C5CB /* openFrameworksLib.xcodeproj */;
				},
			);
			projectRoot = "";
			targets = (
				E4B69B5A0A3A1756003C02F2 /* flappy-bird */,
			);
		};
/* End PBXProject section */

/* Begin PBXReferenceProxy section */
		E4328148138ABC890047C5CB /* openFrameworksDebug.a */ = {
			isa = PBXReferenceProxy;
			fileType = archive.ar;
			path = openFrameworksDebug.a;
			remoteRef = E4328147138ABC890047C5CB /* PBXContainerItemProxy */;
			sourceTree = BUILT_PRODUCTS_DIR;
		};
/* End PBXReferenceProxy section */

/* Begin PBXShellScriptBuildPhase section */
		8466F1851C04CA0E00918B1C /* ShellScript */ = {
			isa = PBXShellScriptBuildPhase;
			buildActionMask = 12;
			files = (
			);
			inputPaths = (
			);
			outputPaths = (
			);
			runOnlyForDeploymentPostprocessing = 0;
			shellPath = /bin/sh;
			shellScript = "echo \"$GCC_PREPROCESSOR_DEFINITIONS\";\nAPPSTORE=`expr \"$GCC_PREPROCESSOR_DEFINITIONS\" : \".*APPSTORE=\\([0-9]*\\)\"`\nif [ -z \"$APPSTORE\" ] ; then\necho \"Note: Not copying bin/data to App Package or doing App Code signing. Use AppStore target for AppStore distribution\";\nelse\n# Copy bin/data into App/Resources\nrsync -avz --exclude='.DS_Store' \"${SRCROOT}/bin/data/\" \"${TARGET_BUILD_DIR}/${UNLOCALIZED_RESOURCES_FOLDER_PATH}/data/\"\n\n# ---- Code Sign App Package ----\n\n# WARNING: You may have to run Clean in Xcode after changing CODE_SIGN_IDENTITY!\n\n# Verify that $CODE_SIGN_IDENTITY is set\nif [ -z \"${CODE_SIGN_IDENTITY}\" ] ; then\necho \"CODE_SIGN_IDENTITY needs to be set for framework code-signing\"\nexit 0\nfi\n\nif [ -z \"${CODE_SIGN_ENTITLEMENTS}\" ] ; then\necho \"CODE_SIGN_ENTITLEMENTS needs to be set for framework code-signing!\"\n\nif [ \"${CONFIGURATION}\" = \"Release\" ] ; then\nexit 1\nelse\n# Code-signing is optional for non-release builds.\nexit 0\nfi\nfi\n\nITEMS=\"\"\n\nFRAMEWORKS_DIR=\"${TARGET_BUILD_DIR}/${FRAMEWORKS_FOLDER_PATH}\"\necho \"$FRAMEWORKS_DIR\"\nif [ -d \"$FRAMEWORKS_DIR\" ] ; then\nFRAMEWORKS=$(find \"${FRAMEWORKS_DIR}\" -depth -type d -name \"*.framework\" -or -name \"*.dylib\" -or -name \"*.bundle\" | sed -e \"s/\\(.*framework\\)/\\1\\/Versions\\/A\\//\")\nRESULT=$?\nif [[ $RESULT != 0 ]] ; then\nexit 1\nfi\n\nITEMS=\"${FRAMEWORKS}\"\nfi\n\nLOGINITEMS_DIR=\"${TARGET_BUILD_DIR}/${CONTENTS_FOLDER_PATH}/Library/LoginItems/\"\nif [ -d \"$LOGINITEMS_DIR\" ] ; then\nLOGINITEMS=$(find \"${LOGINITEMS_DIR}\" -depth -type d -name \"*.app\")\nRESULT=$?\nif [[ $RESULT != 0 ]] ; then\nexit 1\nfi\n\nITEMS=\"${ITEMS}\"$'\\n'\"${LOGINITEMS}\"\nfi\n\n# Prefer the expanded name, if available.\nCODE_SIGN_IDENTITY_FOR_ITEMS=\"${EXPANDED_CODE_SIGN_IDENTITY_NAME}\"\nif [ \"${CODE_SIGN_IDENTITY_FOR_ITEMS}\" = \"\" ] ; then\n# Fall back to old behavior.\nCODE_SIGN_IDENTITY_FOR_ITEMS=\"${CODE_SIGN_IDENTITY}\"\nfi\n\necho \"Identity:\"\necho \"${CODE_SIGN_IDENTITY_FOR_ITEMS}\"\n\necho \"Entitlements:\"\necho \"${CODE_SIGN_ENTITLEMENTS}\"\n\necho \"Found:\"\necho \"${ITEMS}\"\n\n# Change the Internal Field Separator (IFS) so that spaces in paths will not cause problems below.\nSAVED_IFS=$IFS\nIFS=$(echo -en \"\\n\\b\")\n\n# Loop through all items.\nfor ITEM in $ITEMS;\ndo\necho \"Signing '${ITEM}'\"\ncodesign --force --verbose --sign \"${CODE_SIGN_IDENTITY_FOR_ITEMS}\" --entitlements \"${CODE_SIGN_ENTITLEMENTS}\" \"${ITEM}\"\nRESULT=$?\nif [[ $RESULT != 0 ]] ; then\necho \"Failed to sign '${ITEM}'.\"\nIFS=$SAVED_IFS\nexit 1\nfi\ndone\n\n# Restore $IFS.\nIFS=$SAVED_IFS\n\nfi\n";
		};
		E4B6FFFD0C3F9AB9008CF71C /* ShellScript */ = {
			isa = PBXShellScriptBuildPhase;
			buildActionMask = 2147483647;
			files = (
			);
			inputPaths = (
			);
			outputPaths = (
			);
			runOnlyForDeploymentPostprocessing = 0;
			shellPath = /bin/sh;
			shellScript = "mkdir -p \"$TARGET_BUILD_DIR/$PRODUCT_NAME.app/Contents/Resources/\"\n# Copy default icon file into App/Resources\nrsync -aved \"$ICON_FILE\" \"$TARGET_BUILD_DIR/$PRODUCT_NAME.app/Contents/Resources/\"\n# Copy libfmod and change install directory for fmod to run\nrsync -aved \"$OF_PATH/libs/fmodex/lib/osx/libfmodex.dylib\" \"$TARGET_BUILD_DIR/$PRODUCT_NAME.app/Contents/Frameworks/\";\ninstall_name_tool -change @executable_path/libfmodex.dylib @executable_path/../Frameworks/libfmodex.dylib \"$TARGET_BUILD_DIR/$PRODUCT_NAME.app/Contents/MacOS/$PRODUCT_NAME\";\n\necho \"$GCC_PREPROCESSOR_DEFINITIONS\";\n";
		};
/* End PBXShellScriptBuildPhase section */

/* Begin PBXSourcesBuildPhase section */
		E4B69B580A3A1756003C02F2 /* Sources */ = {
			isa = PBXSourcesBuildPhase;
			buildActionMask = 2147483647;
			files = (
				E4B69E200A3A1BDC003C02F2 /* main.cpp in Sources */,
				E4B69E210A3A1BDC003C02F2 /* ofApp.cpp in Sources */,
				C46DA3F4F6B7C7522D9AF980 /* ofxAssimpMeshHelper.cpp in Sources */,
				A8B8283198E49CA16FCF7123 /* ofxAssimpAnimation.cpp in Sources */,
				233A0F02E9F68EDE691EA664 /* ofxAssimpTexture.cpp in Sources */,
				71A4F6BBEA51DEF95C3F5A32 /* ofxAssimpModelLoader.cpp in Sources */,
				C1FF5810208D115E00B35B4A /* Pillar.cpp in Sources */,
				FA0D4902FAA63D187EA61B31 /* ofxBaseGui.cpp in Sources */,
				D772C476F63497951AD45BA8 /* ofxColorPicker.cpp in Sources */,
				A3C6983F8768ECD6DBA89E0F /* ofxSliderGroup.cpp in Sources */,
				413A3F52C6AC90B4F28A6A1C /* ofxToggle.cpp in Sources */,
				92A50AF72101624C3A8E6446 /* ofxButton.cpp in Sources */,
				3A47706C1DF9A0D4045568C0 /* ofxGuiGroup.cpp in Sources */,
				817603EE655EE3365B256E5A /* ofxInputField.cpp in Sources */,
				C1FF5811208D115E00B35B4A /* Bird.cpp in Sources */,
				B38AE0704C26620B0B1F72E4 /* ofxLabel.cpp in Sources */,
				0E459598E225E56585AC1CD9 /* ofxPanel.cpp in Sources */,
				9F74DFA8C0F57500C92936C8 /* ofxSlider.cpp in Sources */,
				B9B2330F6F0272D1823E57B2 /* ofxVectorGraphics.cpp in Sources */,
				0858540A9B11983E79D8C8EA /* CreEPS.cpp in Sources */,
			);
			runOnlyForDeploymentPostprocessing = 0;
		};
/* End PBXSourcesBuildPhase section */

/* Begin PBXTargetDependency section */
		E4EEB9AC138B136A00A80321 /* PBXTargetDependency */ = {
			isa = PBXTargetDependency;
			name = openFrameworks;
			targetProxy = E4EEB9AB138B136A00A80321 /* PBXContainerItemProxy */;
		};
/* End PBXTargetDependency section */

/* Begin XCBuildConfiguration section */
		99FA3DBB1C7456C400CFA0EE /* AppStore */ = {
			isa = XCBuildConfiguration;
			baseConfigurationReference = E4EB6923138AFD0F00A09F29 /* Project.xcconfig */;
			buildSettings = {
				CONFIGURATION_BUILD_DIR = "$(SRCROOT)/bin/";
				COPY_PHASE_STRIP = YES;
				DEAD_CODE_STRIPPING = YES;
				GCC_AUTO_VECTORIZATION = YES;
				GCC_ENABLE_SSE3_EXTENSIONS = YES;
				GCC_ENABLE_SUPPLEMENTAL_SSE3_INSTRUCTIONS = YES;
				GCC_INLINES_ARE_PRIVATE_EXTERN = NO;
				GCC_OPTIMIZATION_LEVEL = 3;
				"GCC_PREPROCESSOR_DEFINITIONS[arch=*]" = "DISTRIBUTION=1";
				GCC_SYMBOLS_PRIVATE_EXTERN = NO;
				GCC_UNROLL_LOOPS = YES;
				GCC_WARN_ABOUT_DEPRECATED_FUNCTIONS = YES;
				GCC_WARN_ABOUT_INVALID_OFFSETOF_MACRO = NO;
				GCC_WARN_ALLOW_INCOMPLETE_PROTOCOL = NO;
				GCC_WARN_UNINITIALIZED_AUTOS = NO;
				GCC_WARN_UNUSED_VALUE = NO;
				GCC_WARN_UNUSED_VARIABLE = NO;
				HEADER_SEARCH_PATHS = (
					"$(OF_CORE_HEADERS)",
					../../addons/ofxAssimpModelLoader/libs,
					../../addons/ofxAssimpModelLoader/libs/assimp,
					../../addons/ofxAssimpModelLoader/libs/assimp/include,
					../../addons/ofxAssimpModelLoader/libs/assimp/include/assimp,
					../../addons/ofxAssimpModelLoader/libs/assimp/include/assimp/Compiler,
					../../addons/ofxAssimpModelLoader/libs/assimp/include/assimp/port,
					../../addons/ofxAssimpModelLoader/libs/assimp/include/assimp/port/AndroidJNI,
					../../addons/ofxAssimpModelLoader/libs/assimp/lib,
					../../addons/ofxAssimpModelLoader/libs/assimp/lib/osx,
					../../addons/ofxAssimpModelLoader/libs/assimp/license,
					../../addons/ofxAssimpModelLoader/src,
					../../addons/ofxGui/src,
					../../addons/ofxVectorGraphics/libs,
					../../addons/ofxVectorGraphics/src,
				);
				MACOSX_DEPLOYMENT_TARGET = 10.9;
				OTHER_CPLUSPLUSFLAGS = (
					"-D__MACOSX_CORE__",
					"-mtune=native",
				);
				OTHER_LDFLAGS = (
					"$(OF_CORE_FRAMEWORKS)",
					"$(OF_CORE_LIBS)",
					../../addons/ofxAssimpModelLoader/libs/assimp/lib/osx/libIrrXML.a,
					../../addons/ofxAssimpModelLoader/libs/assimp/lib/osx/assimp.a,
				);
				SDKROOT = macosx;
			};
			name = AppStore;
		};
		99FA3DBC1C7456C400CFA0EE /* AppStore */ = {
			isa = XCBuildConfiguration;
			baseConfigurationReference = E4EB6923138AFD0F00A09F29 /* Project.xcconfig */;
			buildSettings = {
				COMBINE_HIDPI_IMAGES = YES;
				COPY_PHASE_STRIP = YES;
				FRAMEWORK_SEARCH_PATHS = "$(inherited)";
				GCC_GENERATE_DEBUGGING_SYMBOLS = YES;
				GCC_MODEL_TUNING = NONE;
				"GCC_PREPROCESSOR_DEFINITIONS[arch=*]" = "APPSTORE=1";
				HEADER_SEARCH_PATHS = (
					"$(OF_CORE_HEADERS)",
					../../addons/ofxAssimpModelLoader/libs,
					../../addons/ofxAssimpModelLoader/libs/assimp,
					../../addons/ofxAssimpModelLoader/libs/assimp/include,
					../../addons/ofxAssimpModelLoader/libs/assimp/include/assimp,
					../../addons/ofxAssimpModelLoader/libs/assimp/include/assimp/Compiler,
					../../addons/ofxAssimpModelLoader/libs/assimp/include/assimp/port,
					../../addons/ofxAssimpModelLoader/libs/assimp/include/assimp/port/AndroidJNI,
					../../addons/ofxAssimpModelLoader/libs/assimp/lib,
					../../addons/ofxAssimpModelLoader/libs/assimp/lib/osx,
					../../addons/ofxAssimpModelLoader/libs/assimp/license,
					../../addons/ofxAssimpModelLoader/src,
					../../addons/ofxGui/src,
					../../addons/ofxVectorGraphics/libs,
					../../addons/ofxVectorGraphics/src,
				);
				ICON = "$(ICON_NAME_RELEASE)";
				ICON_FILE = "$(ICON_FILE_PATH)$(ICON)";
				INFOPLIST_FILE = "openFrameworks-Info.plist";
				INSTALL_PATH = /Applications;
				LIBRARY_SEARCH_PATHS = "$(inherited)";
				OTHER_LDFLAGS = (
					"$(OF_CORE_FRAMEWORKS)",
					"$(OF_CORE_LIBS)",
					../../addons/ofxAssimpModelLoader/libs/assimp/lib/osx/libIrrXML.a,
					../../addons/ofxAssimpModelLoader/libs/assimp/lib/osx/assimp.a,
				);
				PRODUCT_NAME = "$(TARGET_NAME)";
				WRAPPER_EXTENSION = app;
				baseConfigurationReference = E4EB6923138AFD0F00A09F29;
			};
			name = AppStore;
		};
		E4B69B4E0A3A1720003C02F2 /* Debug */ = {
			isa = XCBuildConfiguration;
			baseConfigurationReference = E4EB6923138AFD0F00A09F29 /* Project.xcconfig */;
			buildSettings = {
				CONFIGURATION_BUILD_DIR = "$(SRCROOT)/bin/";
				COPY_PHASE_STRIP = NO;
				DEAD_CODE_STRIPPING = YES;
				GCC_AUTO_VECTORIZATION = YES;
				GCC_ENABLE_SSE3_EXTENSIONS = YES;
				GCC_ENABLE_SUPPLEMENTAL_SSE3_INSTRUCTIONS = YES;
				GCC_INLINES_ARE_PRIVATE_EXTERN = NO;
				GCC_OPTIMIZATION_LEVEL = 0;
				GCC_SYMBOLS_PRIVATE_EXTERN = NO;
				GCC_WARN_ABOUT_DEPRECATED_FUNCTIONS = YES;
				GCC_WARN_ABOUT_INVALID_OFFSETOF_MACRO = NO;
				GCC_WARN_ALLOW_INCOMPLETE_PROTOCOL = NO;
				GCC_WARN_UNINITIALIZED_AUTOS = NO;
				GCC_WARN_UNUSED_VALUE = NO;
				GCC_WARN_UNUSED_VARIABLE = NO;
				HEADER_SEARCH_PATHS = (
					"$(OF_CORE_HEADERS)",
					../../addons/ofxAssimpModelLoader/libs,
					../../addons/ofxAssimpModelLoader/libs/assimp,
					../../addons/ofxAssimpModelLoader/libs/assimp/include,
					../../addons/ofxAssimpModelLoader/libs/assimp/include/assimp,
					../../addons/ofxAssimpModelLoader/libs/assimp/include/assimp/Compiler,
					../../addons/ofxAssimpModelLoader/libs/assimp/include/assimp/port,
					../../addons/ofxAssimpModelLoader/libs/assimp/include/assimp/port/AndroidJNI,
					../../addons/ofxAssimpModelLoader/libs/assimp/lib,
					../../addons/ofxAssimpModelLoader/libs/assimp/lib/osx,
					../../addons/ofxAssimpModelLoader/libs/assimp/license,
					../../addons/ofxAssimpModelLoader/src,
					../../addons/ofxGui/src,
					../../addons/ofxVectorGraphics/libs,
					../../addons/ofxVectorGraphics/src,
				);
				MACOSX_DEPLOYMENT_TARGET = 10.9;
				ONLY_ACTIVE_ARCH = YES;
				OTHER_CPLUSPLUSFLAGS = (
					"-D__MACOSX_CORE__",
					"-mtune=native",
				);
				OTHER_LDFLAGS = (
					"$(OF_CORE_FRAMEWORKS)",
					"$(OF_CORE_LIBS)",
					../../addons/ofxAssimpModelLoader/libs/assimp/lib/osx/libIrrXML.a,
					../../addons/ofxAssimpModelLoader/libs/assimp/lib/osx/assimp.a,
				);
				SDKROOT = macosx;
			};
			name = Debug;
		};
		E4B69B4F0A3A1720003C02F2 /* Release */ = {
			isa = XCBuildConfiguration;
			baseConfigurationReference = E4EB6923138AFD0F00A09F29 /* Project.xcconfig */;
			buildSettings = {
				CONFIGURATION_BUILD_DIR = "$(SRCROOT)/bin/";
				COPY_PHASE_STRIP = YES;
				DEAD_CODE_STRIPPING = YES;
				GCC_AUTO_VECTORIZATION = YES;
				GCC_ENABLE_SSE3_EXTENSIONS = YES;
				GCC_ENABLE_SUPPLEMENTAL_SSE3_INSTRUCTIONS = YES;
				GCC_INLINES_ARE_PRIVATE_EXTERN = NO;
				GCC_OPTIMIZATION_LEVEL = 3;
				GCC_SYMBOLS_PRIVATE_EXTERN = NO;
				GCC_UNROLL_LOOPS = YES;
				GCC_WARN_ABOUT_DEPRECATED_FUNCTIONS = YES;
				GCC_WARN_ABOUT_INVALID_OFFSETOF_MACRO = NO;
				GCC_WARN_ALLOW_INCOMPLETE_PROTOCOL = NO;
				GCC_WARN_UNINITIALIZED_AUTOS = NO;
				GCC_WARN_UNUSED_VALUE = NO;
				GCC_WARN_UNUSED_VARIABLE = NO;
				HEADER_SEARCH_PATHS = (
					"$(OF_CORE_HEADERS)",
					../../addons/ofxAssimpModelLoader/libs,
					../../addons/ofxAssimpModelLoader/libs/assimp,
					../../addons/ofxAssimpModelLoader/libs/assimp/include,
					../../addons/ofxAssimpModelLoader/libs/assimp/include/assimp,
					../../addons/ofxAssimpModelLoader/libs/assimp/include/assimp/Compiler,
					../../addons/ofxAssimpModelLoader/libs/assimp/include/assimp/port,
					../../addons/ofxAssimpModelLoader/libs/assimp/include/assimp/port/AndroidJNI,
					../../addons/ofxAssimpModelLoader/libs/assimp/lib,
					../../addons/ofxAssimpModelLoader/libs/assimp/lib/osx,
					../../addons/ofxAssimpModelLoader/libs/assimp/license,
					../../addons/ofxAssimpModelLoader/src,
					../../addons/ofxGui/src,
					../../addons/ofxVectorGraphics/libs,
					../../addons/ofxVectorGraphics/src,
				);
				MACOSX_DEPLOYMENT_TARGET = 10.9;
				OTHER_CPLUSPLUSFLAGS = (
					"-D__MACOSX_CORE__",
					"-mtune=native",
				);
				OTHER_LDFLAGS = (
					"$(OF_CORE_FRAMEWORKS)",
					"$(OF_CORE_LIBS)",
					../../addons/ofxAssimpModelLoader/libs/assimp/lib/osx/libIrrXML.a,
					../../addons/ofxAssimpModelLoader/libs/assimp/lib/osx/assimp.a,
				);
				SDKROOT = macosx;
			};
			name = Release;
		};
		E4B69B600A3A1757003C02F2 /* Debug */ = {
			isa = XCBuildConfiguration;
			baseConfigurationReference = E4EB6923138AFD0F00A09F29 /* Project.xcconfig */;
			buildSettings = {
				COMBINE_HIDPI_IMAGES = YES;
				COPY_PHASE_STRIP = NO;
				DEVELOPMENT_TEAM = "";
				FRAMEWORK_SEARCH_PATHS = "$(inherited)";
				GCC_DYNAMIC_NO_PIC = NO;
				GCC_GENERATE_DEBUGGING_SYMBOLS = YES;
				GCC_MODEL_TUNING = NONE;
				HEADER_SEARCH_PATHS = (
					"$(OF_CORE_HEADERS)",
					../../addons/ofxAssimpModelLoader/libs,
					../../addons/ofxAssimpModelLoader/libs/assimp,
					../../addons/ofxAssimpModelLoader/libs/assimp/include,
					../../addons/ofxAssimpModelLoader/libs/assimp/include/assimp,
					../../addons/ofxAssimpModelLoader/libs/assimp/include/assimp/Compiler,
					../../addons/ofxAssimpModelLoader/libs/assimp/include/assimp/port,
					../../addons/ofxAssimpModelLoader/libs/assimp/include/assimp/port/AndroidJNI,
					../../addons/ofxAssimpModelLoader/libs/assimp/lib,
					../../addons/ofxAssimpModelLoader/libs/assimp/lib/osx,
					../../addons/ofxAssimpModelLoader/libs/assimp/license,
					../../addons/ofxAssimpModelLoader/src,
					../../addons/ofxGui/src,
					../../addons/ofxVectorGraphics/libs,
					../../addons/ofxVectorGraphics/src,
				);
				ICON = "$(ICON_NAME_DEBUG)";
				ICON_FILE = "$(ICON_FILE_PATH)$(ICON)";
				INFOPLIST_FILE = "openFrameworks-Info.plist";
				INSTALL_PATH = /Applications;
				LIBRARY_SEARCH_PATHS = "$(inherited)";
				OTHER_LDFLAGS = (
					"$(OF_CORE_FRAMEWORKS)",
					"$(OF_CORE_LIBS)",
					../../addons/ofxAssimpModelLoader/libs/assimp/lib/osx/libIrrXML.a,
					../../addons/ofxAssimpModelLoader/libs/assimp/lib/osx/assimp.a,
				);
				PRODUCT_NAME = "$(TARGET_NAME)Debug";
				PROVISIONING_PROFILE_SPECIFIER = "";
				WRAPPER_EXTENSION = app;
			};
			name = Debug;
		};
		E4B69B610A3A1757003C02F2 /* Release */ = {
			isa = XCBuildConfiguration;
			baseConfigurationReference = E4EB6923138AFD0F00A09F29 /* Project.xcconfig */;
			buildSettings = {
				COMBINE_HIDPI_IMAGES = YES;
				COPY_PHASE_STRIP = YES;
				FRAMEWORK_SEARCH_PATHS = "$(inherited)";
				GCC_GENERATE_DEBUGGING_SYMBOLS = YES;
				GCC_MODEL_TUNING = NONE;
				HEADER_SEARCH_PATHS = (
					"$(OF_CORE_HEADERS)",
					../../addons/ofxAssimpModelLoader/libs,
					../../addons/ofxAssimpModelLoader/libs/assimp,
					../../addons/ofxAssimpModelLoader/libs/assimp/include,
					../../addons/ofxAssimpModelLoader/libs/assimp/include/assimp,
					../../addons/ofxAssimpModelLoader/libs/assimp/include/assimp/Compiler,
					../../addons/ofxAssimpModelLoader/libs/assimp/include/assimp/port,
					../../addons/ofxAssimpModelLoader/libs/assimp/include/assimp/port/AndroidJNI,
					../../addons/ofxAssimpModelLoader/libs/assimp/lib,
					../../addons/ofxAssimpModelLoader/libs/assimp/lib/osx,
					../../addons/ofxAssimpModelLoader/libs/assimp/license,
					../../addons/ofxAssimpModelLoader/src,
					../../addons/ofxGui/src,
					../../addons/ofxVectorGraphics/libs,
					../../addons/ofxVectorGraphics/src,
				);
				ICON = "$(ICON_NAME_RELEASE)";
				ICON_FILE = "$(ICON_FILE_PATH)$(ICON)";
				INFOPLIST_FILE = "openFrameworks-Info.plist";
				INSTALL_PATH = /Applications;
				LIBRARY_SEARCH_PATHS = "$(inherited)";
				OTHER_LDFLAGS = (
					"$(OF_CORE_FRAMEWORKS)",
					"$(OF_CORE_LIBS)",
					../../addons/ofxAssimpModelLoader/libs/assimp/lib/osx/libIrrXML.a,
					../../addons/ofxAssimpModelLoader/libs/assimp/lib/osx/assimp.a,
				);
				PRODUCT_NAME = "$(TARGET_NAME)";
				WRAPPER_EXTENSION = app;
				baseConfigurationReference = E4EB6923138AFD0F00A09F29;
			};
			name = Release;
		};
/* End XCBuildConfiguration section */

/* Begin XCConfigurationList section */
		E4B69B4D0A3A1720003C02F2 /* Build configuration list for PBXProject "flappy-bird" */ = {
			isa = XCConfigurationList;
			buildConfigurations = (
				E4B69B4E0A3A1720003C02F2 /* Debug */,
				E4B69B4F0A3A1720003C02F2 /* Release */,
				99FA3DBB1C7456C400CFA0EE /* AppStore */,
			);
			defaultConfigurationIsVisible = 0;
			defaultConfigurationName = Release;
		};
		E4B69B5F0A3A1757003C02F2 /* Build configuration list for PBXNativeTarget "flappy-bird" */ = {
			isa = XCConfigurationList;
			buildConfigurations = (
				E4B69B600A3A1757003C02F2 /* Debug */,
				E4B69B610A3A1757003C02F2 /* Release */,
				99FA3DBC1C7456C400CFA0EE /* AppStore */,
			);
			defaultConfigurationIsVisible = 0;
			defaultConfigurationName = Release;
		};
/* End XCConfigurationList section */
	};
	rootObject = E4B69B4C0A3A1720003C02F2 /* Project object */;
}
